github.com/frida/frida-go v1.0.2 h1:qsWfYM2tcTMXw1iimnsnajhp8QJVT75jgJebtW3rPig=
github.com/frida/frida-go v1.0.2/go.mod h1:O8Dg1YBGfQsBEL1a8x3GURw/JllJrcuvg78ga2OgdM4=
github.com/goccy/go-json v0.10.6 h1:p8HrPJzOakx/mn/bQtjgNjdTcN+/S6FcG2CTtQOrHVU=
github.com/goccy/go-json v0.10.6/go.mod h1:oq7eo15ShAhp70Anwd5lgX2pLfOS3QCiwU/PULtXL6M=
github.com/google/uuid v1.6.0 h1:NIvaJDMOsjHA8n1jAhLSgzrAzy1Hgr+hNrb57e+94F0=
github.com/google/uuid v1.6.0/go.mod h1:TIyPZe4MgqvfeYDBFedMoGGpEw/LqOeaOT+nhxU+yHo=
